
Microsoft Visual Studio Solution File, Format Version 12.00
# Visual Studio Version 17
VisualStudioVersion = 17.14.36221.1 d17.14
MinimumVisualStudioVersion = 10.0.40219.1
Project("{FAE04EC0-301F-11D3-BF4B-00C04F79EFBC}") = "Fractal.Wpf", "Fractal\Fractal.Wpf.csproj", "{938B0F5B-7E08-4EB2-8482-B3BEC993A958}"
EndProject
Project("{FAE04EC0-301F-11D3-BF4B-00C04F79EFBC}") = "Fractal.Core", "Fractal.Core\Fractal.Core.csproj", "{E55E893C-1C72-4565-999F-121C12225204}"
EndProject
Global
	GlobalSection(SolutionConfigurationPlatforms) = preSolution
		Debug|Any CPU = Debug|Any CPU
		Release|Any CPU = Release|Any CPU
	EndGlobalSection
	GlobalSection(ProjectConfigurationPlatforms) = postSolution
		{938B0F5B-7E08-4EB2-8482-B3BEC993A958}.Debug|Any CPU.ActiveCfg = Debug|Any CPU
		{938B0F5B-7E08-4EB2-8482-B3BEC993A958}.Debug|Any CPU.Build.0 = Debug|Any CPU
		{938B0F5B-7E08-4EB2-8482-B3BEC993A958}.Release|Any CPU.ActiveCfg = Release|Any CPU
		{938B0F5B-7E08-4EB2-8482-B3BEC993A958}.Release|Any CPU.Build.0 = Release|Any CPU
		{E55E893C-1C72-4565-999F-121C12225204}.Debug|Any CPU.ActiveCfg = Debug|Any CPU
		{E55E893C-1C72-4565-999F-121C12225204}.Debug|Any CPU.Build.0 = Debug|Any CPU
		{E55E893C-1C72-4565-999F-121C12225204}.Release|Any CPU.ActiveCfg = Release|Any CPU
		{E55E893C-1C72-4565-999F-121C12225204}.Release|Any CPU.Build.0 = Release|Any CPU
	EndGlobalSection
	GlobalSection(SolutionProperties) = preSolution
		HideSolutionNode = FALSE
	EndGlobalSection
	GlobalSection(ExtensibilityGlobals) = postSolution
		SolutionGuid = {C1DC4306-A6A3-4C70-A0FF-CAB89D17A440}
	EndGlobalSection
EndGlobal
